
Microsoft Visual Studio Solution File, Format Version 12.00
# Visual Studio Version 17
VisualStudioVersion = 17.14.36301.6
MinimumVisualStudioVersion = 10.0.40219.1
Project("{FAE04EC0-301F-11D3-BF4B-00C04F79EFBC}") = "ShoeStore", "ShoeStore\ShoeStore.csproj", "{C96E9E76-42AF-41F9-95CA-E80D124B9E95}"
EndProject
Project("{FAE04EC0-301F-11D3-BF4B-00C04F79EFBC}") = "ShoeStore.DataContext.PostgreSQL", "ShoeStore.DataContext.PostgreSQL\ShoeStore.DataContext.PostgreSQL.csproj", "{86360836-1C35-4251-BEDD-140D27B3151A}"
EndProject
Global
	GlobalSection(SolutionConfigurationPlatforms) = preSolution
		Debug|Any CPU = Debug|Any CPU
		Release|Any CPU = Release|Any CPU
	EndGlobalSection
	GlobalSection(ProjectConfigurationPlatforms) = postSolution
		{C96E9E76-42AF-41F9-95CA-E80D124B9E95}.Debug|Any CPU.ActiveCfg = Debug|Any CPU
		{C96E9E76-42AF-41F9-95CA-E80D124B9E95}.Debug|Any CPU.Build.0 = Debug|Any CPU
		{C96E9E76-42AF-41F9-95CA-E80D124B9E95}.Release|Any CPU.ActiveCfg = Release|Any CPU
		{C96E9E76-42AF-41F9-95CA-E80D124B9E95}.Release|Any CPU.Build.0 = Release|Any CPU
		{86360836-1C35-4251-BEDD-140D27B3151A}.Debug|Any CPU.ActiveCfg = Debug|Any CPU
		{86360836-1C35-4251-BEDD-140D27B3151A}.Debug|Any CPU.Build.0 = Debug|Any CPU
		{86360836-1C35-4251-BEDD-140D27B3151A}.Release|Any CPU.ActiveCfg = Release|Any CPU
		{86360836-1C35-4251-BEDD-140D27B3151A}.Release|Any CPU.Build.0 = Release|Any CPU
	EndGlobalSection
	GlobalSection(SolutionProperties) = preSolution
		HideSolutionNode = FALSE
	EndGlobalSection
	GlobalSection(ExtensibilityGlobals) = postSolution
		SolutionGuid = {88A9C6B2-0073-4D1D-B4DC-9BD4186F12D3}
	EndGlobalSection
EndGlobal
